
Microsoft Visual Studio Solution File, Format Version 12.00
# Visual Studio Version 16
VisualStudioVersion = 16.0.810.13
MinimumVisualStudioVersion = 10.0.40219.1
Project("{FAE04EC0-301F-11D3-BF4B-00C04F79EFBC}") = "TestGit", "TestGit.csproj", "{A8E56E0A-2401-4AB2-B98E-AA459F704FBA}"
EndProject
Global
	GlobalSection(SolutionConfigurationPlatforms) = preSolution
		Debug|Any CPU = Debug|Any CPU
		Release|Any CPU = Release|Any CPU
	EndGlobalSection
	GlobalSection(ProjectConfigurationPlatforms) = postSolution
		{A8E56E0A-2401-4AB2-B98E-AA459F704FBA}.Debug|Any CPU.ActiveCfg = Debug|Any CPU
		{A8E56E0A-2401-4AB2-B98E-AA459F704FBA}.Debug|Any CPU.Build.0 = Debug|Any CPU
		{A8E56E0A-2401-4AB2-B98E-AA459F704FBA}.Release|Any CPU.ActiveCfg = Release|Any CPU
		{A8E56E0A-2401-4AB2-B98E-AA459F704FBA}.Release|Any CPU.Build.0 = Release|Any CPU
	EndGlobalSection
	GlobalSection(SolutionProperties) = preSolution
		HideSolutionNode = FALSE
	EndGlobalSection
	GlobalSection(ExtensibilityGlobals) = postSolution
		SolutionGuid = {AFF3B9B4-F8E7-4E5F-9B7D-DBA1E17F5B6B}
	EndGlobalSection
EndGlobal
